
Microsoft Visual Studio Solution File, Format Version 12.00
# Visual Studio Version 17
VisualStudioVersion = 17.7.34031.279
MinimumVisualStudioVersion = 10.0.40219.1
Project("{FAE04EC0-301F-11D3-BF4B-00C04F79EFBC}") = "ILTScheduleMailReminderSchedule", "ILTScheduleMailReminderSchedule.csproj", "{6A1F926A-4534-4844-BDC9-F4E740C921DB}"
EndProject
Global
	GlobalSection(SolutionConfigurationPlatforms) = preSolution
		Debug|Any CPU = Debug|Any CPU
		Release|Any CPU = Release|Any CPU
	EndGlobalSection
	GlobalSection(ProjectConfigurationPlatforms) = postSolution
		{6A1F926A-4534-4844-BDC9-F4E740C921DB}.Debug|Any CPU.ActiveCfg = Debug|Any CPU
		{6A1F926A-4534-4844-BDC9-F4E740C921DB}.Debug|Any CPU.Build.0 = Debug|Any CPU
		{6A1F926A-4534-4844-BDC9-F4E740C921DB}.Release|Any CPU.ActiveCfg = Release|Any CPU
		{6A1F926A-4534-4844-BDC9-F4E740C921DB}.Release|Any CPU.Build.0 = Release|Any CPU
	EndGlobalSection
	GlobalSection(SolutionProperties) = preSolution
		HideSolutionNode = FALSE
	EndGlobalSection
	GlobalSection(ExtensibilityGlobals) = postSolution
		SolutionGuid = {0FE38346-C3A1-405C-8387-3AA6853C15B6}
	EndGlobalSection
EndGlobal
